// !$*UTF8*$!
{
	archiveVersion = 1;
	classes = {
	};
	objectVersion = 48;
	objects = {

/* Begin PBXBuildFile section */
		9B3C1C921FBA30D100D926F3 /* AppDelegate.swift in Sources */ = {isa = PBXBuildFile; fileRef = 9B3C1C911FBA30D100D926F3 /* AppDelegate.swift */; };
		9B3C1C941FBA30D100D926F3 /* ViewController.swift in Sources */ = {isa = PBXBuildFile; fileRef = 9B3C1C931FBA30D100D926F3 /* ViewController.swift */; };
		9B3C1C971FBA30D100D926F3 /* Main.storyboard in Resources */ = {isa = PBXBuildFile; fileRef = 9B3C1C951FBA30D100D926F3 /* Main.storyboard */; };
		9B3C1C991FBA30D100D926F3 /* Assets.xcassets in Resources */ = {isa = PBXBuildFile; fileRef = 9B3C1C981FBA30D100D926F3 /* Assets.xcassets */; };
		9B3C1C9C1FBA30D100D926F3 /* LaunchScreen.storyboard in Resources */ = {isa = PBXBuildFile; fileRef = 9B3C1C9A1FBA30D100D926F3 /* LaunchScreen.storyboard */; };
		9B3C1CA41FBA312400D926F3 /* Inceptionv3.mlmodel in Sources */ = {isa = PBXBuildFile; fileRef = 9B3C1CA31FBA312400D926F3 /* Inceptionv3.mlmodel */; };
		9B3C1CA61FBA36BC00D926F3 /* banana.jpg in Resources */ = {isa = PBXBuildFile; fileRef = 9B3C1CA51FBA36BC00D926F3 /* banana.jpg */; };
		9B3C1CAA1FBA370800D926F3 /* dog.jpg in Resources */ = {isa = PBXBuildFile; fileRef = 9B3C1CA71FBA370700D926F3 /* dog.jpg */; };
		9B3C1CAB1FBA370800D926F3 /* rat.jpg in Resources */ = {isa = PBXBuildFile; fileRef = 9B3C1CA81FBA370700D926F3 /* rat.jpg */; };
		9B3C1CAC1FBA370800D926F3 /* cat.jpg in Resources */ = {isa = PBXBuildFile; fileRef = 9B3C1CA91FBA370800D926F3 /* cat.jpg */; };
		9B3C1CAE1FBA419200D926F3 /* UIImage+Additions.swift in Sources */ = {isa = PBXBuildFile; fileRef = 9B3C1CAD1FBA419200D926F3 /* UIImage+Additions.swift */; };
		9B3C1CB41FBA478A00D926F3 /* rabbit.jpg in Resources */ = {isa = PBXBuildFile; fileRef = 9B3C1CAF1FBA478900D926F3 /* rabbit.jpg */; };
		9B3C1CB51FBA478A00D926F3 /* a1.jpeg in Resources */ = {isa = PBXBuildFile; fileRef = 9B3C1CB01FBA478900D926F3 /* a1.jpeg */; };
		9B3C1CB61FBA478A00D926F3 /* horse.jpeg in Resources */ = {isa = PBXBuildFile; fileRef = 9B3C1CB11FBA478900D926F3 /* horse.jpeg */; };
		9B3C1CB71FBA478A00D926F3 /* mackerel.jpg in Resources */ = {isa = PBXBuildFile; fileRef = 9B3C1CB21FBA478A00D926F3 /* mackerel.jpg */; };
		9B3C1CB81FBA478A00D926F3 /* puppy.jpg in Resources */ = {isa = PBXBuildFile; fileRef = 9B3C1CB31FBA478A00D926F3 /* puppy.jpg */; };
		9B3C1CBA1FBA4BDA00D926F3 /* IMG_2540.jpg in Resources */ = {isa = PBXBuildFile; fileRef = 9B3C1CB91FBA4BDA00D926F3 /* IMG_2540.jpg */; };
		9B3C1CBC1FBA4C7400D926F3 /* icon.png in Resources */ = {isa = PBXBuildFile; fileRef = 9B3C1CBB1FBA4C7400D926F3 /* icon.png */; };
/* End PBXBuildFile section */

/* Begin PBXFileReference section */
		9B3C1C8E1FBA30D100D926F3 /* ImageRecognition.app */ = {isa = PBXFileReference; explicitFileType = wrapper.application; includeInIndex = 0; path = ImageRecognition.app; sourceTree = BUILT_PRODUCTS_DIR; };
		9B3C1C911FBA30D100D926F3 /* AppDelegate.swift */ = {isa = PBXFileReference; lastKnownFileType = sourcecode.swift; path = AppDelegate.swift; sourceTree = "<group>"; };
		9B3C1C931FBA30D100D926F3 /* ViewController.swift */ = {isa = PBXFileReference; lastKnownFileType = sourcecode.swift; path = ViewController.swift; sourceTree = "<group>"; };
		9B3C1C961FBA30D100D926F3 /* Base */ = {isa = PBXFileReference; lastKnownFileType = file.storyboard; name = Base; path = Base.lproj/Main.storyboard; sourceTree = "<group>"; };
		9B3C1C981FBA30D100D926F3 /* Assets.xcassets */ = {isa = PBXFileReference; lastKnownFileType = folder.assetcatalog; path = Assets.xcassets; sourceTree = "<group>"; };
		9B3C1C9B1FBA30D100D926F3 /* Base */ = {isa = PBXFileReference; lastKnownFileType = file.storyboard; name = Base; path = Base.lproj/LaunchScreen.storyboard; sourceTree = "<group>"; };
		9B3C1C9D1FBA30D100D926F3 /* Info.plist */ = {isa = PBXFileReference; lastKnownFileType = text.plist.xml; path = Info.plist; sourceTree = "<group>"; };
		9B3C1CA31FBA312400D926F3 /* Inceptionv3.mlmodel */ = {isa = PBXFileReference; lastKnownFileType = file.mlmodel; name = Inceptionv3.mlmodel; path = ../../Inceptionv3.mlmodel; sourceTree = "<group>"; };
		9B3C1CA51FBA36BC00D926F3 /* banana.jpg */ = {isa = PBXFileReference; lastKnownFileType = image.jpeg; path = banana.jpg; sourceTree = "<group>"; };
		9B3C1CA71FBA370700D926F3 /* dog.jpg */ = {isa = PBXFileReference; lastKnownFileType = image.jpeg; path = dog.jpg; sourceTree = "<group>"; };
		9B3C1CA81FBA370700D926F3 /* rat.jpg */ = {isa = PBXFileReference; lastKnownFileType = image.jpeg; path = rat.jpg; sourceTree = "<group>"; };
		9B3C1CA91FBA370800D926F3 /* cat.jpg */ = {isa = PBXFileReference; lastKnownFileType = image.jpeg; path = cat.jpg; sourceTree = "<group>"; };
		9B3C1CAD1FBA419200D926F3 /* UIImage+Additions.swift */ = {isa = PBXFileReference; lastKnownFileType = sourcecode.swift; path = "UIImage+Additions.swift"; sourceTree = "<group>"; };
		9B3C1CAF1FBA478900D926F3 /* rabbit.jpg */ = {isa = PBXFileReference; lastKnownFileType = image.jpeg; path = rabbit.jpg; sourceTree = "<group>"; };
		9B3C1CB01FBA478900D926F3 /* a1.jpeg */ = {isa = PBXFileReference; lastKnownFileType = image.jpeg; path = a1.jpeg; sourceTree = "<group>"; };
		9B3C1CB11FBA478900D926F3 /* horse.jpeg */ = {isa = PBXFileReference; lastKnownFileType = image.jpeg; path = horse.jpeg; sourceTree = "<group>"; };
		9B3C1CB21FBA478A00D926F3 /* mackerel.jpg */ = {isa = PBXFileReference; lastKnownFileType = image.jpeg; path = mackerel.jpg; sourceTree = "<group>"; };
		9B3C1CB31FBA478A00D926F3 /* puppy.jpg */ = {isa = PBXFileReference; lastKnownFileType = image.jpeg; path = puppy.jpg; sourceTree = "<group>"; };
		9B3C1CB91FBA4BDA00D926F3 /* IMG_2540.jpg */ = {isa = PBXFileReference; lastKnownFileType = image.jpeg; path = IMG_2540.jpg; sourceTree = "<group>"; };
		9B3C1CBB1FBA4C7400D926F3 /* icon.png */ = {isa = PBXFileReference; lastKnownFileType = image.png; path = icon.png; sourceTree = "<group>"; };
/* End PBXFileReference section */

/* Begin PBXFrameworksBuildPhase section */
		9B3C1C8B1FBA30D100D926F3 /* Frameworks */ = {
			isa = PBXFrameworksBuildPhase;
			buildActionMask = 2147483647;
			files = (
			);
			runOnlyForDeploymentPostprocessing = 0;
		};
/* End PBXFrameworksBuildPhase section */

/* Begin PBXGroup section */
		9B3C1C851FBA30D100D926F3 = {
			isa = PBXGroup;
			children = (
				9B3C1C901FBA30D100D926F3 /* ImageRecognition */,
				9B3C1C8F1FBA30D100D926F3 /* Products */,
			);
			sourceTree = "<group>";
		};
		9B3C1C8F1FBA30D100D926F3 /* Products */ = {
			isa = PBXGroup;
			children = (
				9B3C1C8E1FBA30D100D926F3 /* ImageRecognition.app */,
			);
			name = Products;
			sourceTree = "<group>";
		};
		9B3C1C901FBA30D100D926F3 /* ImageRecognition */ = {
			isa = PBXGroup;
			children = (
				9B3C1CA31FBA312400D926F3 /* Inceptionv3.mlmodel */,
				9B3C1C911FBA30D100D926F3 /* AppDelegate.swift */,
				9B3C1CA51FBA36BC00D926F3 /* banana.jpg */,
				9B3C1CA91FBA370800D926F3 /* cat.jpg */,
				9B3C1CB01FBA478900D926F3 /* a1.jpeg */,
				9B3C1CB11FBA478900D926F3 /* horse.jpeg */,
				9B3C1CB21FBA478A00D926F3 /* mackerel.jpg */,
				9B3C1CB31FBA478A00D926F3 /* puppy.jpg */,
				9B3C1CAF1FBA478900D926F3 /* rabbit.jpg */,
				9B3C1CA71FBA370700D926F3 /* dog.jpg */,
				9B3C1CA81FBA370700D926F3 /* rat.jpg */,
				9B3C1C931FBA30D100D926F3 /* ViewController.swift */,
				9B3C1C951FBA30D100D926F3 /* Main.storyboard */,
				9B3C1C981FBA30D100D926F3 /* Assets.xcassets */,
				9B3C1CBB1FBA4C7400D926F3 /* icon.png */,
				9B3C1CB91FBA4BDA00D926F3 /* IMG_2540.jpg */,
				9B3C1C9A1FBA30D100D926F3 /* LaunchScreen.storyboard */,
				9B3C1C9D1FBA30D100D926F3 /* Info.plist */,
				9B3C1CAD1FBA419200D926F3 /* UIImage+Additions.swift */,
			);
			path = ImageRecognition;
			sourceTree = "<group>";
		};
/* End PBXGroup section */

/* Begin PBXNativeTarget section */
		9B3C1C8D1FBA30D100D926F3 /* ImageRecognition */ = {
			isa = PBXNativeTarget;
			buildConfigurationList = 9B3C1CA01FBA30D100D926F3 /* Build configuration list for PBXNativeTarget "ImageRecognition" */;
			buildPhases = (
				9B3C1C8A1FBA30D100D926F3 /* Sources */,
				9B3C1C8B1FBA30D100D926F3 /* Frameworks */,
				9B3C1C8C1FBA30D100D926F3 /* Resources */,
			);
			buildRules = (
			);
			dependencies = (
			);
			name = ImageRecognition;
			productName = ImageRecognition;
			productReference = 9B3C1C8E1FBA30D100D926F3 /* ImageRecognition.app */;
			productType = "com.apple.product-type.application";
		};
/* End PBXNativeTarget section */

/* Begin PBXProject section */
		9B3C1C861FBA30D100D926F3 /* Project object */ = {
			isa = PBXProject;
			attributes = {
				LastSwiftUpdateCheck = 0910;
				LastUpgradeCheck = 0910;
				ORGANIZATIONNAME = CoolCode;
				TargetAttributes = {
					9B3C1C8D1FBA30D100D926F3 = {
						CreatedOnToolsVersion = 9.1;
						ProvisioningStyle = Automatic;
					};
				};
			};
			buildConfigurationList = 9B3C1C891FBA30D100D926F3 /* Build configuration list for PBXProject "ImageRecognition" */;
			compatibilityVersion = "Xcode 8.0";
			developmentRegion = en;
			hasScannedForEncodings = 0;
			knownRegions = (
				en,
				Base,
			);
			mainGroup = 9B3C1C851FBA30D100D926F3;
			productRefGroup = 9B3C1C8F1FBA30D100D926F3 /* Products */;
			projectDirPath = "";
			projectRoot = "";
			targets = (
				9B3C1C8D1FBA30D100D926F3 /* ImageRecognition */,
			);
		};
/* End PBXProject section */

/* Begin PBXResourcesBuildPhase section */
		9B3C1C8C1FBA30D100D926F3 /* Resources */ = {
			isa = PBXResourcesBuildPhase;
			buildActionMask = 2147483647;
			files = (
				9B3C1CB51FBA478A00D926F3 /* a1.jpeg in Resources */,
				9B3C1C9C1FBA30D100D926F3 /* LaunchScreen.storyboard in Resources */,
				9B3C1CBA1FBA4BDA00D926F3 /* IMG_2540.jpg in Resources */,
				9B3C1CAA1FBA370800D926F3 /* dog.jpg in Resources */,
				9B3C1CB61FBA478A00D926F3 /* horse.jpeg in Resources */,
				9B3C1C991FBA30D100D926F3 /* Assets.xcassets in Resources */,
				9B3C1CAB1FBA370800D926F3 /* rat.jpg in Resources */,
				9B3C1CB71FBA478A00D926F3 /* mackerel.jpg in Resources */,
				9B3C1CBC1FBA4C7400D926F3 /* icon.png in Resources */,
				9B3C1CA61FBA36BC00D926F3 /* banana.jpg in Resources */,
				9B3C1CB41FBA478A00D926F3 /* rabbit.jpg in Resources */,
				9B3C1CAC1FBA370800D926F3 /* cat.jpg in Resources */,
				9B3C1CB81FBA478A00D926F3 /* puppy.jpg in Resources */,
				9B3C1C971FBA30D100D926F3 /* Main.storyboard in Resources */,
			);
			runOnlyForDeploymentPostprocessing = 0;
		};
/* End PBXResourcesBuildPhase section */

/* Begin PBXSourcesBuildPhase section */
		9B3C1C8A1FBA30D100D926F3 /* Sources */ = {
			isa = PBXSourcesBuildPhase;
			buildActionMask = 2147483647;
			files = (
				9B3C1C941FBA30D100D926F3 /* ViewController.swift in Sources */,
				9B3C1CAE1FBA419200D926F3 /* UIImage+Additions.swift in Sources */,
				9B3C1CA41FBA312400D926F3 /* Inceptionv3.mlmodel in Sources */,
				9B3C1C921FBA30D100D926F3 /* AppDelegate.swift in Sources */,
			);
			runOnlyForDeploymentPostprocessing = 0;
		};
/* End PBXSourcesBuildPhase section */

/* Begin PBXVariantGroup section */
		9B3C1C951FBA30D100D926F3 /* Main.storyboard */ = {
			isa = PBXVariantGroup;
			children = (
				9B3C1C961FBA30D100D926F3 /* Base */,
			);
			name = Main.storyboard;
			sourceTree = "<group>";
		};
		9B3C1C9A1FBA30D100D926F3 /* LaunchScreen.storyboard */ = {
			isa = PBXVariantGroup;
			children = (
				9B3C1C9B1FBA30D100D926F3 /* Base */,
			);
			name = LaunchScreen.storyboard;
			sourceTree = "<group>";
		};
/* End PBXVariantGroup section */

/* Begin XCBuildConfiguration section */
		9B3C1C9E1FBA30D100D926F3 /* Debug */ = {
			isa = XCBuildConfiguration;
			buildSettings = {
				ALWAYS_SEARCH_USER_PATHS = NO;
				CLANG_ANALYZER_NONNULL = YES;
				CLANG_ANALYZER_NUMBER_OBJECT_CONVERSION = YES_AGGRESSIVE;
				CLANG_CXX_LANGUAGE_STANDARD = "gnu++14";
				CLANG_CXX_LIBRARY = "libc++";
				CLANG_ENABLE_MODULES = YES;
				CLANG_ENABLE_OBJC_ARC = YES;
				CLANG_WARN_BLOCK_CAPTURE_AUTORELEASING = YES;
				CLANG_WARN_BOOL_CONVERSION = YES;
				CLANG_WARN_COMMA = YES;
				CLANG_WARN_CONSTANT_CONVERSION = YES;
				CLANG_WARN_DIRECT_OBJC_ISA_USAGE = YES_ERROR;
				CLANG_WARN_DOCUMENTATION_COMMENTS = YES;
				CLANG_WARN_EMPTY_BODY = YES;
				CLANG_WARN_ENUM_CONVERSION = YES;
				CLANG_WARN_INFINITE_RECURSION = YES;
				CLANG_WARN_INT_CONVERSION = YES;
				CLANG_WARN_NON_LITERAL_NULL_CONVERSION = YES;
				CLANG_WARN_OBJC_LITERAL_CONVERSION = YES;
				CLANG_WARN_OBJC_ROOT_CLASS = YES_ERROR;
				CLANG_WARN_RANGE_LOOP_ANALYSIS = YES;
				CLANG_WARN_STRICT_PROTOTYPES = YES;
				CLANG_WARN_SUSPICIOUS_MOVE = YES;
				CLANG_WARN_UNGUARDED_AVAILABILITY = YES_AGGRESSIVE;
				CLANG_WARN_UNREACHABLE_CODE = YES;
				CLANG_WARN__DUPLICATE_METHOD_MATCH = YES;
				CODE_SIGN_IDENTITY = "iPhone Developer";
				COPY_PHASE_STRIP = NO;
				DEBUG_INFORMATION_FORMAT = dwarf;
				ENABLE_STRICT_OBJC_MSGSEND = YES;
				ENABLE_TESTABILITY = YES;
				GCC_C_LANGUAGE_STANDARD = gnu11;
				GCC_DYNAMIC_NO_PIC = NO;
				GCC_NO_COMMON_BLOCKS = YES;
				GCC_OPTIMIZATION_LEVEL = 0;
				GCC_PREPROCESSOR_DEFINITIONS = (
					"DEBUG=1",
					"$(inherited)",
				);
				GCC_WARN_64_TO_32_BIT_CONVERSION = YES;
				GCC_WARN_ABOUT_RETURN_TYPE = YES_ERROR;
				GCC_WARN_UNDECLARED_SELECTOR = YES;
				GCC_WARN_UNINITIALIZED_AUTOS = YES_AGGRESSIVE;
				GCC_WARN_UNUSED_FUNCTION = YES;
				GCC_WARN_UNUSED_VARIABLE = YES;
				IPHONEOS_DEPLOYMENT_TARGET = 11.1;
				MTL_ENABLE_DEBUG_INFO = YES;
				ONLY_ACTIVE_ARCH = YES;
				SDKROOT = iphoneos;
				SWIFT_ACTIVE_COMPILATION_CONDITIONS = DEBUG;
				SWIFT_OPTIMIZATION_LEVEL = "-Onone";
			};
			name = Debug;
		};
		9B3C1C9F1FBA30D100D926F3 /* Release */ = {
			isa = XCBuildConfiguration;
			buildSettings = {
				ALWAYS_SEARCH_USER_PATHS = NO;
				CLANG_ANALYZER_NONNULL = YES;
				CLANG_ANALYZER_NUMBER_OBJECT_CONVERSION = YES_AGGRESSIVE;
				CLANG_CXX_LANGUAGE_STANDARD = "gnu++14";
				CLANG_CXX_LIBRARY = "libc++";
				CLANG_ENABLE_MODULES = YES;
				CLANG_ENABLE_OBJC_ARC = YES;
				CLANG_WARN_BLOCK_CAPTURE_AUTORELEASING = YES;
				CLANG_WARN_BOOL_CONVERSION = YES;
				CLANG_WARN_COMMA = YES;
				CLANG_WARN_CONSTANT_CONVERSION = YES;
				CLANG_WARN_DIRECT_OBJC_ISA_USAGE = YES_ERROR;
				CLANG_WARN_DOCUMENTATION_COMMENTS = YES;
				CLANG_WARN_EMPTY_BODY = YES;
				CLANG_WARN_ENUM_CONVERSION = YES;
				CLANG_WARN_INFINITE_RECURSION = YES;
				CLANG_WARN_INT_CONVERSION = YES;
				CLANG_WARN_NON_LITERAL_NULL_CONVERSION = YES;
				CLANG_WARN_OBJC_LITERAL_CONVERSION = YES;
				CLANG_WARN_OBJC_ROOT_CLASS = YES_ERROR;
				CLANG_WARN_RANGE_LOOP_ANALYSIS = YES;
				CLANG_WARN_STRICT_PROTOTYPES = YES;
				CLANG_WARN_SUSPICIOUS_MOVE = YES;
				CLANG_WARN_UNGUARDED_AVAILABILITY = YES_AGGRESSIVE;
				CLANG_WARN_UNREACHABLE_CODE = YES;
				CLANG_WARN__DUPLICATE_METHOD_MATCH = YES;
				CODE_SIGN_IDENTITY = "iPhone Developer";
				COPY_PHASE_STRIP = NO;
				DEBUG_INFORMATION_FORMAT = "dwarf-with-dsym";
				ENABLE_NS_ASSERTIONS = NO;
				ENABLE_STRICT_OBJC_MSGSEND = YES;
				GCC_C_LANGUAGE_STANDARD = gnu11;
				GCC_NO_COMMON_BLOCKS = YES;
				GCC_WARN_64_TO_32_BIT_CONVERSION = YES;
				GCC_WARN_ABOUT_RETURN_TYPE = YES_ERROR;
				GCC_WARN_UNDECLARED_SELECTOR = YES;
				GCC_WARN_UNINITIALIZED_AUTOS = YES_AGGRESSIVE;
				GCC_WARN_UNUSED_FUNCTION = YES;
				GCC_WARN_UNUSED_VARIABLE = YES;
				IPHONEOS_DEPLOYMENT_TARGET = 11.1;
				MTL_ENABLE_DEBUG_INFO = NO;
				SDKROOT = iphoneos;
				SWIFT_OPTIMIZATION_LEVEL = "-Owholemodule";
				VALIDATE_PRODUCT = YES;
			};
			name = Release;
		};
		9B3C1CA11FBA30D100D926F3 /* Debug */ = {
			isa = XCBuildConfiguration;
			buildSettings = {
				ASSETCATALOG_COMPILER_APPICON_NAME = AppIcon;
				CODE_SIGN_STYLE = Automatic;
				DEVELOPMENT_TEAM = GUU2VGT373;
				INFOPLIST_FILE = ImageRecognition/Info.plist;
				LD_RUNPATH_SEARCH_PATHS = "$(inherited) @executable_path/Frameworks";
				PRODUCT_BUNDLE_IDENTIFIER = com.coolcode.ImageRecognition;
				PRODUCT_NAME = "$(TARGET_NAME)";
				SWIFT_VERSION = 4.0;
				TARGETED_DEVICE_FAMILY = "1,2";
			};
			name = Debug;
		};
		9B3C1CA21FBA30D100D926F3 /* Release */ = {
			isa = XCBuildConfiguration;
			buildSettings = {
				ASSETCATALOG_COMPILER_APPICON_NAME = AppIcon;
				CODE_SIGN_STYLE = Automatic;
				DEVELOPMENT_TEAM = GUU2VGT373;
				INFOPLIST_FILE = ImageRecognition/Info.plist;
				LD_RUNPATH_SEARCH_PATHS = "$(inherited) @executable_path/Frameworks";
				PRODUCT_BUNDLE_IDENTIFIER = com.coolcode.ImageRecognition;
				PRODUCT_NAME = "$(TARGET_NAME)";
				SWIFT_VERSION = 4.0;
				TARGETED_DEVICE_FAMILY = "1,2";
			};
			name = Release;
		};
/* End XCBuildConfiguration section */

/* Begin XCConfigurationList section */
		9B3C1C891FBA30D100D926F3 /* Build configuration list for PBXProject "ImageRecognition" */ = {
			isa = XCConfigurationList;
			buildConfigurations = (
				9B3C1C9E1FBA30D100D926F3 /* Debug */,
				9B3C1C9F1FBA30D100D926F3 /* Release */,
			);
			defaultConfigurationIsVisible = 0;
			defaultConfigurationName = Release;
		};
		9B3C1CA01FBA30D100D926F3 /* Build configuration list for PBXNativeTarget "ImageRecognition" */ = {
			isa = XCConfigurationList;
			buildConfigurations = (
				9B3C1CA11FBA30D100D926F3 /* Debug */,
				9B3C1CA21FBA30D100D926F3 /* Release */,
			);
			defaultConfigurationIsVisible = 0;
			defaultConfigurationName = Release;
		};
/* End XCConfigurationList section */
	};
	rootObject = 9B3C1C861FBA30D100D926F3 /* Project object */;
}
