// !$*UTF8*$!
{
	archiveVersion = 1;
	classes = {
	};
	objectVersion = 46;
	objects = {

/* Begin PBXBuildFile section */
		9B4A4A071ECA58D100FCE6BF /* AppDelegate.swift in Sources */ = {isa = PBXBuildFile; fileRef = 9B4A4A061ECA58D100FCE6BF /* AppDelegate.swift */; };
		9B4A4A091ECA58D100FCE6BF /* ViewController.swift in Sources */ = {isa = PBXBuildFile; fileRef = 9B4A4A081ECA58D100FCE6BF /* ViewController.swift */; };
		9B4A4A0C1ECA58D100FCE6BF /* Main.storyboard in Resources */ = {isa = PBXBuildFile; fileRef = 9B4A4A0A1ECA58D100FCE6BF /* Main.storyboard */; };
		9B4A4A0E1ECA58D100FCE6BF /* Assets.xcassets in Resources */ = {isa = PBXBuildFile; fileRef = 9B4A4A0D1ECA58D100FCE6BF /* Assets.xcassets */; };
		9B4A4A111ECA58D100FCE6BF /* LaunchScreen.storyboard in Resources */ = {isa = PBXBuildFile; fileRef = 9B4A4A0F1ECA58D100FCE6BF /* LaunchScreen.storyboard */; };
/* End PBXBuildFile section */

/* Begin PBXFileReference section */
		9B4A4A031ECA58D100FCE6BF /* Weather Procast.app */ = {isa = PBXFileReference; explicitFileType = wrapper.application; includeInIndex = 0; path = "Weather Procast.app"; sourceTree = BUILT_PRODUCTS_DIR; };
		9B4A4A061ECA58D100FCE6BF /* AppDelegate.swift */ = {isa = PBXFileReference; lastKnownFileType = sourcecode.swift; path = AppDelegate.swift; sourceTree = "<group>"; };
		9B4A4A081ECA58D100FCE6BF /* ViewController.swift */ = {isa = PBXFileReference; lastKnownFileType = sourcecode.swift; path = ViewController.swift; sourceTree = "<group>"; };
		9B4A4A0B1ECA58D100FCE6BF /* Base */ = {isa = PBXFileReference; lastKnownFileType = file.storyboard; name = Base; path = Base.lproj/Main.storyboard; sourceTree = "<group>"; };
		9B4A4A0D1ECA58D100FCE6BF /* Assets.xcassets */ = {isa = PBXFileReference; lastKnownFileType = folder.assetcatalog; path = Assets.xcassets; sourceTree = "<group>"; };
		9B4A4A101ECA58D100FCE6BF /* Base */ = {isa = PBXFileReference; lastKnownFileType = file.storyboard; name = Base; path = Base.lproj/LaunchScreen.storyboard; sourceTree = "<group>"; };
		9B4A4A121ECA58D100FCE6BF /* Info.plist */ = {isa = PBXFileReference; lastKnownFileType = text.plist.xml; path = Info.plist; sourceTree = "<group>"; };
/* End PBXFileReference section */

/* Begin PBXFrameworksBuildPhase section */
		9B4A4A001ECA58D100FCE6BF /* Frameworks */ = {
			isa = PBXFrameworksBuildPhase;
			buildActionMask = 2147483647;
			files = (
			);
			runOnlyForDeploymentPostprocessing = 0;
		};
/* End PBXFrameworksBuildPhase section */

/* Begin PBXGroup section */
		9B4A49FA1ECA58D100FCE6BF = {
			isa = PBXGroup;
			children = (
				9B4A4A051ECA58D100FCE6BF /* Weather Procast */,
				9B4A4A041ECA58D100FCE6BF /* Products */,
			);
			sourceTree = "<group>";
		};
		9B4A4A041ECA58D100FCE6BF /* Products */ = {
			isa = PBXGroup;
			children = (
				9B4A4A031ECA58D100FCE6BF /* Weather Procast.app */,
			);
			name = Products;
			sourceTree = "<group>";
		};
		9B4A4A051ECA58D100FCE6BF /* Weather Procast */ = {
			isa = PBXGroup;
			children = (
				9B4A4A061ECA58D100FCE6BF /* AppDelegate.swift */,
				9B4A4A081ECA58D100FCE6BF /* ViewController.swift */,
				9B4A4A0A1ECA58D100FCE6BF /* Main.storyboard */,
				9B4A4A0D1ECA58D100FCE6BF /* Assets.xcassets */,
				9B4A4A0F1ECA58D100FCE6BF /* LaunchScreen.storyboard */,
				9B4A4A121ECA58D100FCE6BF /* Info.plist */,
			);
			path = "Weather Procast";
			sourceTree = "<group>";
		};
/* End PBXGroup section */

/* Begin PBXNativeTarget section */
		9B4A4A021ECA58D100FCE6BF /* Weather Procast */ = {
			isa = PBXNativeTarget;
			buildConfigurationList = 9B4A4A151ECA58D100FCE6BF /* Build configuration list for PBXNativeTarget "Weather Procast" */;
			buildPhases = (
				9B4A49FF1ECA58D100FCE6BF /* Sources */,
				9B4A4A001ECA58D100FCE6BF /* Frameworks */,
				9B4A4A011ECA58D100FCE6BF /* Resources */,
			);
			buildRules = (
			);
			dependencies = (
			);
			name = "Weather Procast";
			productName = "Weather Procast";
			productReference = 9B4A4A031ECA58D100FCE6BF /* Weather Procast.app */;
			productType = "com.apple.product-type.application";
		};
/* End PBXNativeTarget section */

/* Begin PBXProject section */
		9B4A49FB1ECA58D100FCE6BF /* Project object */ = {
			isa = PBXProject;
			attributes = {
				LastSwiftUpdateCheck = 0830;
				LastUpgradeCheck = 0830;
				ORGANIZATIONNAME = ZyrStudy;
				TargetAttributes = {
					9B4A4A021ECA58D100FCE6BF = {
						CreatedOnToolsVersion = 8.3.2;
						ProvisioningStyle = Automatic;
					};
				};
			};
			buildConfigurationList = 9B4A49FE1ECA58D100FCE6BF /* Build configuration list for PBXProject "Weather Procast" */;
			compatibilityVersion = "Xcode 3.2";
			developmentRegion = English;
			hasScannedForEncodings = 0;
			knownRegions = (
				en,
				Base,
			);
			mainGroup = 9B4A49FA1ECA58D100FCE6BF;
			productRefGroup = 9B4A4A041ECA58D100FCE6BF /* Products */;
			projectDirPath = "";
			projectRoot = "";
			targets = (
				9B4A4A021ECA58D100FCE6BF /* Weather Procast */,
			);
		};
/* End PBXProject section */

/* Begin PBXResourcesBuildPhase section */
		9B4A4A011ECA58D100FCE6BF /* Resources */ = {
			isa = PBXResourcesBuildPhase;
			buildActionMask = 2147483647;
			files = (
				9B4A4A111ECA58D100FCE6BF /* LaunchScreen.storyboard in Resources */,
				9B4A4A0E1ECA58D100FCE6BF /* Assets.xcassets in Resources */,
				9B4A4A0C1ECA58D100FCE6BF /* Main.storyboard in Resources */,
			);
			runOnlyForDeploymentPostprocessing = 0;
		};
/* End PBXResourcesBuildPhase section */

/* Begin PBXSourcesBuildPhase section */
		9B4A49FF1ECA58D100FCE6BF /* Sources */ = {
			isa = PBXSourcesBuildPhase;
			buildActionMask = 2147483647;
			files = (
				9B4A4A091ECA58D100FCE6BF /* ViewController.swift in Sources */,
				9B4A4A071ECA58D100FCE6BF /* AppDelegate.swift in Sources */,
			);
			runOnlyForDeploymentPostprocessing = 0;
		};
/* End PBXSourcesBuildPhase section */

/* Begin PBXVariantGroup section */
		9B4A4A0A1ECA58D100FCE6BF /* Main.storyboard */ = {
			isa = PBXVariantGroup;
			children = (
				9B4A4A0B1ECA58D100FCE6BF /* Base */,
			);
			name = Main.storyboard;
			sourceTree = "<group>";
		};
		9B4A4A0F1ECA58D100FCE6BF /* LaunchScreen.storyboard */ = {
			isa = PBXVariantGroup;
			children = (
				9B4A4A101ECA58D100FCE6BF /* Base */,
			);
			name = LaunchScreen.storyboard;
			sourceTree = "<group>";
		};
/* End PBXVariantGroup section */

/* Begin XCBuildConfiguration section */
		9B4A4A131ECA58D100FCE6BF /* Debug */ = {
			isa = XCBuildConfiguration;
			buildSettings = {
				ALWAYS_SEARCH_USER_PATHS = NO;
				CLANG_ANALYZER_NONNULL = YES;
				CLANG_ANALYZER_NUMBER_OBJECT_CONVERSION = YES_AGGRESSIVE;
				CLANG_CXX_LANGUAGE_STANDARD = "gnu++0x";
				CLANG_CXX_LIBRARY = "libc++";
				CLANG_ENABLE_MODULES = YES;
				CLANG_ENABLE_OBJC_ARC = YES;
				CLANG_WARN_BOOL_CONVERSION = YES;
				CLANG_WARN_CONSTANT_CONVERSION = YES;
				CLANG_WARN_DIRECT_OBJC_ISA_USAGE = YES_ERROR;
				CLANG_WARN_DOCUMENTATION_COMMENTS = YES;
				CLANG_WARN_EMPTY_BODY = YES;
				CLANG_WARN_ENUM_CONVERSION = YES;
				CLANG_WARN_INFINITE_RECURSION = YES;
				CLANG_WARN_INT_CONVERSION = YES;
				CLANG_WARN_OBJC_ROOT_CLASS = YES_ERROR;
				CLANG_WARN_SUSPICIOUS_MOVE = YES;
				CLANG_WARN_UNREACHABLE_CODE = YES;
				CLANG_WARN__DUPLICATE_METHOD_MATCH = YES;
				"CODE_SIGN_IDENTITY[sdk=iphoneos*]" = "iPhone Developer";
				COPY_PHASE_STRIP = NO;
				DEBUG_INFORMATION_FORMAT = dwarf;
				ENABLE_STRICT_OBJC_MSGSEND = YES;
				ENABLE_TESTABILITY = YES;
				GCC_C_LANGUAGE_STANDARD = gnu99;
				GCC_DYNAMIC_NO_PIC = NO;
				GCC_NO_COMMON_BLOCKS = YES;
				GCC_OPTIMIZATION_LEVEL = 0;
				GCC_PREPROCESSOR_DEFINITIONS = (
					"DEBUG=1",
					"$(inherited)",
				);
				GCC_WARN_64_TO_32_BIT_CONVERSION = YES;
				GCC_WARN_ABOUT_RETURN_TYPE = YES_ERROR;
				GCC_WARN_UNDECLARED_SELECTOR = YES;
				GCC_WARN_UNINITIALIZED_AUTOS = YES_AGGRESSIVE;
				GCC_WARN_UNUSED_FUNCTION = YES;
				GCC_WARN_UNUSED_VARIABLE = YES;
				IPHONEOS_DEPLOYMENT_TARGET = 10.3;
				MTL_ENABLE_DEBUG_INFO = YES;
				ONLY_ACTIVE_ARCH = YES;
				SDKROOT = iphoneos;
				SWIFT_ACTIVE_COMPILATION_CONDITIONS = DEBUG;
				SWIFT_OPTIMIZATION_LEVEL = "-Onone";
			};
			name = Debug;
		};
		9B4A4A141ECA58D100FCE6BF /* Release */ = {
			isa = XCBuildConfiguration;
			buildSettings = {
				ALWAYS_SEARCH_USER_PATHS = NO;
				CLANG_ANALYZER_NONNULL = YES;
				CLANG_ANALYZER_NUMBER_OBJECT_CONVERSION = YES_AGGRESSIVE;
				CLANG_CXX_LANGUAGE_STANDARD = "gnu++0x";
				CLANG_CXX_LIBRARY = "libc++";
				CLANG_ENABLE_MODULES = YES;
				CLANG_ENABLE_OBJC_ARC = YES;
				CLANG_WARN_BOOL_CONVERSION = YES;
				CLANG_WARN_CONSTANT_CONVERSION = YES;
				CLANG_WARN_DIRECT_OBJC_ISA_USAGE = YES_ERROR;
				CLANG_WARN_DOCUMENTATION_COMMENTS = YES;
				CLANG_WARN_EMPTY_BODY = YES;
				CLANG_WARN_ENUM_CONVERSION = YES;
				CLANG_WARN_INFINITE_RECURSION = YES;
				CLANG_WARN_INT_CONVERSION = YES;
				CLANG_WARN_OBJC_ROOT_CLASS = YES_ERROR;
				CLANG_WARN_SUSPICIOUS_MOVE = YES;
				CLANG_WARN_UNREACHABLE_CODE = YES;
				CLANG_WARN__DUPLICATE_METHOD_MATCH = YES;
				"CODE_SIGN_IDENTITY[sdk=iphoneos*]" = "iPhone Developer";
				COPY_PHASE_STRIP = NO;
				DEBUG_INFORMATION_FORMAT = "dwarf-with-dsym";
				ENABLE_NS_ASSERTIONS = NO;
				ENABLE_STRICT_OBJC_MSGSEND = YES;
				GCC_C_LANGUAGE_STANDARD = gnu99;
				GCC_NO_COMMON_BLOCKS = YES;
				GCC_WARN_64_TO_32_BIT_CONVERSION = YES;
				GCC_WARN_ABOUT_RETURN_TYPE = YES_ERROR;
				GCC_WARN_UNDECLARED_SELECTOR = YES;
				GCC_WARN_UNINITIALIZED_AUTOS = YES_AGGRESSIVE;
				GCC_WARN_UNUSED_FUNCTION = YES;
				GCC_WARN_UNUSED_VARIABLE = YES;
				IPHONEOS_DEPLOYMENT_TARGET = 10.3;
				MTL_ENABLE_DEBUG_INFO = NO;
				SDKROOT = iphoneos;
				SWIFT_OPTIMIZATION_LEVEL = "-Owholemodule";
				VALIDATE_PRODUCT = YES;
			};
			name = Release;
		};
		9B4A4A161ECA58D100FCE6BF /* Debug */ = {
			isa = XCBuildConfiguration;
			buildSettings = {
				ASSETCATALOG_COMPILER_APPICON_NAME = AppIcon;
				INFOPLIST_FILE = "Weather Procast/Info.plist";
				LD_RUNPATH_SEARCH_PATHS = "$(inherited) @executable_path/Frameworks";
				PRODUCT_BUNDLE_IDENTIFIER = "Home.Weather-Procast";
				PRODUCT_NAME = "$(TARGET_NAME)";
				SWIFT_VERSION = 3.0;
			};
			name = Debug;
		};
		9B4A4A171ECA58D100FCE6BF /* Release */ = {
			isa = XCBuildConfiguration;
			buildSettings = {
				ASSETCATALOG_COMPILER_APPICON_NAME = AppIcon;
				INFOPLIST_FILE = "Weather Procast/Info.plist";
				LD_RUNPATH_SEARCH_PATHS = "$(inherited) @executable_path/Frameworks";
				PRODUCT_BUNDLE_IDENTIFIER = "Home.Weather-Procast";
				PRODUCT_NAME = "$(TARGET_NAME)";
				SWIFT_VERSION = 3.0;
			};
			name = Release;
		};
/* End XCBuildConfiguration section */

/* Begin XCConfigurationList section */
		9B4A49FE1ECA58D100FCE6BF /* Build configuration list for PBXProject "Weather Procast" */ = {
			isa = XCConfigurationList;
			buildConfigurations = (
				9B4A4A131ECA58D100FCE6BF /* Debug */,
				9B4A4A141ECA58D100FCE6BF /* Release */,
			);
			defaultConfigurationIsVisible = 0;
			defaultConfigurationName = Release;
		};
		9B4A4A151ECA58D100FCE6BF /* Build configuration list for PBXNativeTarget "Weather Procast" */ = {
			isa = XCConfigurationList;
			buildConfigurations = (
				9B4A4A161ECA58D100FCE6BF /* Debug */,
				9B4A4A171ECA58D100FCE6BF /* Release */,
			);
			defaultConfigurationIsVisible = 0;
		};
/* End XCConfigurationList section */
	};
	rootObject = 9B4A49FB1ECA58D100FCE6BF /* Project object */;
}
