// !$*UTF8*$!
{
	archiveVersion = 1;
	classes = {
	};
	objectVersion = 48;
	objects = {

/* Begin PBXBuildFile section */
		9BE7CB021FBA532B00019B42 /* AppDelegate.swift in Sources */ = {isa = PBXBuildFile; fileRef = 9BE7CB011FBA532B00019B42 /* AppDelegate.swift */; };
		9BE7CB041FBA532B00019B42 /* ViewController.swift in Sources */ = {isa = PBXBuildFile; fileRef = 9BE7CB031FBA532B00019B42 /* ViewController.swift */; };
		9BE7CB071FBA532B00019B42 /* Main.storyboard in Resources */ = {isa = PBXBuildFile; fileRef = 9BE7CB051FBA532B00019B42 /* Main.storyboard */; };
		9BE7CB091FBA532B00019B42 /* Assets.xcassets in Resources */ = {isa = PBXBuildFile; fileRef = 9BE7CB081FBA532B00019B42 /* Assets.xcassets */; };
		9BE7CB0C1FBA532B00019B42 /* LaunchScreen.storyboard in Resources */ = {isa = PBXBuildFile; fileRef = 9BE7CB0A1FBA532B00019B42 /* LaunchScreen.storyboard */; };
		9BE7CB181FBA5FBC00019B42 /* camera.jpeg in Resources */ = {isa = PBXBuildFile; fileRef = 9BE7CB171FBA5FBC00019B42 /* camera.jpeg */; };
		9BE7CB1A1FBA61C800019B42 /* 343.png in Resources */ = {isa = PBXBuildFile; fileRef = 9BE7CB191FBA61C800019B42 /* 343.png */; };
/* End PBXBuildFile section */

/* Begin PBXFileReference section */
		9BE7CAFE1FBA532B00019B42 /* vision.app */ = {isa = PBXFileReference; explicitFileType = wrapper.application; includeInIndex = 0; path = vision.app; sourceTree = BUILT_PRODUCTS_DIR; };
		9BE7CB011FBA532B00019B42 /* AppDelegate.swift */ = {isa = PBXFileReference; lastKnownFileType = sourcecode.swift; path = AppDelegate.swift; sourceTree = "<group>"; };
		9BE7CB031FBA532B00019B42 /* ViewController.swift */ = {isa = PBXFileReference; lastKnownFileType = sourcecode.swift; path = ViewController.swift; sourceTree = "<group>"; };
		9BE7CB061FBA532B00019B42 /* Base */ = {isa = PBXFileReference; lastKnownFileType = file.storyboard; name = Base; path = Base.lproj/Main.storyboard; sourceTree = "<group>"; };
		9BE7CB081FBA532B00019B42 /* Assets.xcassets */ = {isa = PBXFileReference; lastKnownFileType = folder.assetcatalog; path = Assets.xcassets; sourceTree = "<group>"; };
		9BE7CB0B1FBA532B00019B42 /* Base */ = {isa = PBXFileReference; lastKnownFileType = file.storyboard; name = Base; path = Base.lproj/LaunchScreen.storyboard; sourceTree = "<group>"; };
		9BE7CB0D1FBA532C00019B42 /* Info.plist */ = {isa = PBXFileReference; lastKnownFileType = text.plist.xml; path = Info.plist; sourceTree = "<group>"; };
		9BE7CB171FBA5FBC00019B42 /* camera.jpeg */ = {isa = PBXFileReference; lastKnownFileType = image.jpeg; path = camera.jpeg; sourceTree = "<group>"; };
		9BE7CB191FBA61C800019B42 /* 343.png */ = {isa = PBXFileReference; lastKnownFileType = image.png; name = 343.png; path = ../../343.png; sourceTree = "<group>"; };
/* End PBXFileReference section */

/* Begin PBXFrameworksBuildPhase section */
		9BE7CAFB1FBA532B00019B42 /* Frameworks */ = {
			isa = PBXFrameworksBuildPhase;
			buildActionMask = 2147483647;
			files = (
			);
			runOnlyForDeploymentPostprocessing = 0;
		};
/* End PBXFrameworksBuildPhase section */

/* Begin PBXGroup section */
		9BE7CAF51FBA532B00019B42 = {
			isa = PBXGroup;
			children = (
				9BE7CB001FBA532B00019B42 /* vision */,
				9BE7CAFF1FBA532B00019B42 /* Products */,
			);
			sourceTree = "<group>";
		};
		9BE7CAFF1FBA532B00019B42 /* Products */ = {
			isa = PBXGroup;
			children = (
				9BE7CAFE1FBA532B00019B42 /* vision.app */,
			);
			name = Products;
			sourceTree = "<group>";
		};
		9BE7CB001FBA532B00019B42 /* vision */ = {
			isa = PBXGroup;
			children = (
				9BE7CB011FBA532B00019B42 /* AppDelegate.swift */,
				9BE7CB031FBA532B00019B42 /* ViewController.swift */,
				9BE7CB051FBA532B00019B42 /* Main.storyboard */,
				9BE7CB171FBA5FBC00019B42 /* camera.jpeg */,
				9BE7CB081FBA532B00019B42 /* Assets.xcassets */,
				9BE7CB191FBA61C800019B42 /* 343.png */,
				9BE7CB0A1FBA532B00019B42 /* LaunchScreen.storyboard */,
				9BE7CB0D1FBA532C00019B42 /* Info.plist */,
			);
			path = vision;
			sourceTree = "<group>";
		};
/* End PBXGroup section */

/* Begin PBXNativeTarget section */
		9BE7CAFD1FBA532B00019B42 /* vision */ = {
			isa = PBXNativeTarget;
			buildConfigurationList = 9BE7CB101FBA532C00019B42 /* Build configuration list for PBXNativeTarget "vision" */;
			buildPhases = (
				9BE7CAFA1FBA532B00019B42 /* Sources */,
				9BE7CAFB1FBA532B00019B42 /* Frameworks */,
				9BE7CAFC1FBA532B00019B42 /* Resources */,
			);
			buildRules = (
			);
			dependencies = (
			);
			name = vision;
			productName = vision;
			productReference = 9BE7CAFE1FBA532B00019B42 /* vision.app */;
			productType = "com.apple.product-type.application";
		};
/* End PBXNativeTarget section */

/* Begin PBXProject section */
		9BE7CAF61FBA532B00019B42 /* Project object */ = {
			isa = PBXProject;
			attributes = {
				LastSwiftUpdateCheck = 0910;
				LastUpgradeCheck = 0910;
				ORGANIZATIONNAME = CoolCode;
				TargetAttributes = {
					9BE7CAFD1FBA532B00019B42 = {
						CreatedOnToolsVersion = 9.1;
						ProvisioningStyle = Automatic;
					};
				};
			};
			buildConfigurationList = 9BE7CAF91FBA532B00019B42 /* Build configuration list for PBXProject "vision" */;
			compatibilityVersion = "Xcode 8.0";
			developmentRegion = en;
			hasScannedForEncodings = 0;
			knownRegions = (
				en,
				Base,
			);
			mainGroup = 9BE7CAF51FBA532B00019B42;
			productRefGroup = 9BE7CAFF1FBA532B00019B42 /* Products */;
			projectDirPath = "";
			projectRoot = "";
			targets = (
				9BE7CAFD1FBA532B00019B42 /* vision */,
			);
		};
/* End PBXProject section */

/* Begin PBXResourcesBuildPhase section */
		9BE7CAFC1FBA532B00019B42 /* Resources */ = {
			isa = PBXResourcesBuildPhase;
			buildActionMask = 2147483647;
			files = (
				9BE7CB0C1FBA532B00019B42 /* LaunchScreen.storyboard in Resources */,
				9BE7CB091FBA532B00019B42 /* Assets.xcassets in Resources */,
				9BE7CB1A1FBA61C800019B42 /* 343.png in Resources */,
				9BE7CB071FBA532B00019B42 /* Main.storyboard in Resources */,
				9BE7CB181FBA5FBC00019B42 /* camera.jpeg in Resources */,
			);
			runOnlyForDeploymentPostprocessing = 0;
		};
/* End PBXResourcesBuildPhase section */

/* Begin PBXSourcesBuildPhase section */
		9BE7CAFA1FBA532B00019B42 /* Sources */ = {
			isa = PBXSourcesBuildPhase;
			buildActionMask = 2147483647;
			files = (
				9BE7CB041FBA532B00019B42 /* ViewController.swift in Sources */,
				9BE7CB021FBA532B00019B42 /* AppDelegate.swift in Sources */,
			);
			runOnlyForDeploymentPostprocessing = 0;
		};
/* End PBXSourcesBuildPhase section */

/* Begin PBXVariantGroup section */
		9BE7CB051FBA532B00019B42 /* Main.storyboard */ = {
			isa = PBXVariantGroup;
			children = (
				9BE7CB061FBA532B00019B42 /* Base */,
			);
			name = Main.storyboard;
			sourceTree = "<group>";
		};
		9BE7CB0A1FBA532B00019B42 /* LaunchScreen.storyboard */ = {
			isa = PBXVariantGroup;
			children = (
				9BE7CB0B1FBA532B00019B42 /* Base */,
			);
			name = LaunchScreen.storyboard;
			sourceTree = "<group>";
		};
/* End PBXVariantGroup section */

/* Begin XCBuildConfiguration section */
		9BE7CB0E1FBA532C00019B42 /* Debug */ = {
			isa = XCBuildConfiguration;
			buildSettings = {
				ALWAYS_SEARCH_USER_PATHS = NO;
				CLANG_ANALYZER_NONNULL = YES;
				CLANG_ANALYZER_NUMBER_OBJECT_CONVERSION = YES_AGGRESSIVE;
				CLANG_CXX_LANGUAGE_STANDARD = "gnu++14";
				CLANG_CXX_LIBRARY = "libc++";
				CLANG_ENABLE_MODULES = YES;
				CLANG_ENABLE_OBJC_ARC = YES;
				CLANG_WARN_BLOCK_CAPTURE_AUTORELEASING = YES;
				CLANG_WARN_BOOL_CONVERSION = YES;
				CLANG_WARN_COMMA = YES;
				CLANG_WARN_CONSTANT_CONVERSION = YES;
				CLANG_WARN_DIRECT_OBJC_ISA_USAGE = YES_ERROR;
				CLANG_WARN_DOCUMENTATION_COMMENTS = YES;
				CLANG_WARN_EMPTY_BODY = YES;
				CLANG_WARN_ENUM_CONVERSION = YES;
				CLANG_WARN_INFINITE_RECURSION = YES;
				CLANG_WARN_INT_CONVERSION = YES;
				CLANG_WARN_NON_LITERAL_NULL_CONVERSION = YES;
				CLANG_WARN_OBJC_LITERAL_CONVERSION = YES;
				CLANG_WARN_OBJC_ROOT_CLASS = YES_ERROR;
				CLANG_WARN_RANGE_LOOP_ANALYSIS = YES;
				CLANG_WARN_STRICT_PROTOTYPES = YES;
				CLANG_WARN_SUSPICIOUS_MOVE = YES;
				CLANG_WARN_UNGUARDED_AVAILABILITY = YES_AGGRESSIVE;
				CLANG_WARN_UNREACHABLE_CODE = YES;
				CLANG_WARN__DUPLICATE_METHOD_MATCH = YES;
				CODE_SIGN_IDENTITY = "iPhone Developer";
				COPY_PHASE_STRIP = NO;
				DEBUG_INFORMATION_FORMAT = dwarf;
				ENABLE_STRICT_OBJC_MSGSEND = YES;
				ENABLE_TESTABILITY = YES;
				GCC_C_LANGUAGE_STANDARD = gnu11;
				GCC_DYNAMIC_NO_PIC = NO;
				GCC_NO_COMMON_BLOCKS = YES;
				GCC_OPTIMIZATION_LEVEL = 0;
				GCC_PREPROCESSOR_DEFINITIONS = (
					"DEBUG=1",
					"$(inherited)",
				);
				GCC_WARN_64_TO_32_BIT_CONVERSION = YES;
				GCC_WARN_ABOUT_RETURN_TYPE = YES_ERROR;
				GCC_WARN_UNDECLARED_SELECTOR = YES;
				GCC_WARN_UNINITIALIZED_AUTOS = YES_AGGRESSIVE;
				GCC_WARN_UNUSED_FUNCTION = YES;
				GCC_WARN_UNUSED_VARIABLE = YES;
				IPHONEOS_DEPLOYMENT_TARGET = 11.1;
				MTL_ENABLE_DEBUG_INFO = YES;
				ONLY_ACTIVE_ARCH = YES;
				SDKROOT = iphoneos;
				SWIFT_ACTIVE_COMPILATION_CONDITIONS = DEBUG;
				SWIFT_OPTIMIZATION_LEVEL = "-Onone";
			};
			name = Debug;
		};
		9BE7CB0F1FBA532C00019B42 /* Release */ = {
			isa = XCBuildConfiguration;
			buildSettings = {
				ALWAYS_SEARCH_USER_PATHS = NO;
				CLANG_ANALYZER_NONNULL = YES;
				CLANG_ANALYZER_NUMBER_OBJECT_CONVERSION = YES_AGGRESSIVE;
				CLANG_CXX_LANGUAGE_STANDARD = "gnu++14";
				CLANG_CXX_LIBRARY = "libc++";
				CLANG_ENABLE_MODULES = YES;
				CLANG_ENABLE_OBJC_ARC = YES;
				CLANG_WARN_BLOCK_CAPTURE_AUTORELEASING = YES;
				CLANG_WARN_BOOL_CONVERSION = YES;
				CLANG_WARN_COMMA = YES;
				CLANG_WARN_CONSTANT_CONVERSION = YES;
				CLANG_WARN_DIRECT_OBJC_ISA_USAGE = YES_ERROR;
				CLANG_WARN_DOCUMENTATION_COMMENTS = YES;
				CLANG_WARN_EMPTY_BODY = YES;
				CLANG_WARN_ENUM_CONVERSION = YES;
				CLANG_WARN_INFINITE_RECURSION = YES;
				CLANG_WARN_INT_CONVERSION = YES;
				CLANG_WARN_NON_LITERAL_NULL_CONVERSION = YES;
				CLANG_WARN_OBJC_LITERAL_CONVERSION = YES;
				CLANG_WARN_OBJC_ROOT_CLASS = YES_ERROR;
				CLANG_WARN_RANGE_LOOP_ANALYSIS = YES;
				CLANG_WARN_STRICT_PROTOTYPES = YES;
				CLANG_WARN_SUSPICIOUS_MOVE = YES;
				CLANG_WARN_UNGUARDED_AVAILABILITY = YES_AGGRESSIVE;
				CLANG_WARN_UNREACHABLE_CODE = YES;
				CLANG_WARN__DUPLICATE_METHOD_MATCH = YES;
				CODE_SIGN_IDENTITY = "iPhone Developer";
				COPY_PHASE_STRIP = NO;
				DEBUG_INFORMATION_FORMAT = "dwarf-with-dsym";
				ENABLE_NS_ASSERTIONS = NO;
				ENABLE_STRICT_OBJC_MSGSEND = YES;
				GCC_C_LANGUAGE_STANDARD = gnu11;
				GCC_NO_COMMON_BLOCKS = YES;
				GCC_WARN_64_TO_32_BIT_CONVERSION = YES;
				GCC_WARN_ABOUT_RETURN_TYPE = YES_ERROR;
				GCC_WARN_UNDECLARED_SELECTOR = YES;
				GCC_WARN_UNINITIALIZED_AUTOS = YES_AGGRESSIVE;
				GCC_WARN_UNUSED_FUNCTION = YES;
				GCC_WARN_UNUSED_VARIABLE = YES;
				IPHONEOS_DEPLOYMENT_TARGET = 11.1;
				MTL_ENABLE_DEBUG_INFO = NO;
				SDKROOT = iphoneos;
				SWIFT_OPTIMIZATION_LEVEL = "-Owholemodule";
				VALIDATE_PRODUCT = YES;
			};
			name = Release;
		};
		9BE7CB111FBA532C00019B42 /* Debug */ = {
			isa = XCBuildConfiguration;
			buildSettings = {
				ASSETCATALOG_COMPILER_APPICON_NAME = AppIcon;
				CODE_SIGN_STYLE = Automatic;
				DEVELOPMENT_TEAM = JT99576699;
				INFOPLIST_FILE = vision/Info.plist;
				LD_RUNPATH_SEARCH_PATHS = "$(inherited) @executable_path/Frameworks";
				PRODUCT_BUNDLE_IDENTIFIER = com.coolcode.vision;
				PRODUCT_NAME = "$(TARGET_NAME)";
				SWIFT_VERSION = 4.0;
				TARGETED_DEVICE_FAMILY = "1,2";
			};
			name = Debug;
		};
		9BE7CB121FBA532C00019B42 /* Release */ = {
			isa = XCBuildConfiguration;
			buildSettings = {
				ASSETCATALOG_COMPILER_APPICON_NAME = AppIcon;
				CODE_SIGN_STYLE = Automatic;
				DEVELOPMENT_TEAM = JT99576699;
				INFOPLIST_FILE = vision/Info.plist;
				LD_RUNPATH_SEARCH_PATHS = "$(inherited) @executable_path/Frameworks";
				PRODUCT_BUNDLE_IDENTIFIER = com.coolcode.vision;
				PRODUCT_NAME = "$(TARGET_NAME)";
				SWIFT_VERSION = 4.0;
				TARGETED_DEVICE_FAMILY = "1,2";
			};
			name = Release;
		};
/* End XCBuildConfiguration section */

/* Begin XCConfigurationList section */
		9BE7CAF91FBA532B00019B42 /* Build configuration list for PBXProject "vision" */ = {
			isa = XCConfigurationList;
			buildConfigurations = (
				9BE7CB0E1FBA532C00019B42 /* Debug */,
				9BE7CB0F1FBA532C00019B42 /* Release */,
			);
			defaultConfigurationIsVisible = 0;
			defaultConfigurationName = Release;
		};
		9BE7CB101FBA532C00019B42 /* Build configuration list for PBXNativeTarget "vision" */ = {
			isa = XCConfigurationList;
			buildConfigurations = (
				9BE7CB111FBA532C00019B42 /* Debug */,
				9BE7CB121FBA532C00019B42 /* Release */,
			);
			defaultConfigurationIsVisible = 0;
			defaultConfigurationName = Release;
		};
/* End XCConfigurationList section */
	};
	rootObject = 9BE7CAF61FBA532B00019B42 /* Project object */;
}
